{
  "name": "cgprendering",
  "version": "1.0.0",
  "lockfileVersion": 1,
  "requires": true,
  "dependencies": {
    "@types/three": {
      "version": "0.92.25",
      "resolved": "https://registry.npmjs.org/@types/three/-/three-0.92.25.tgz",
      "integrity": "sha512-xutT9mv07h4hmVR5UyL6qTZf+NJGeVpKd/2ZNMBIFN+y51RfavWHePayX5e3qGrZlP5+FeIpRhsCv9zeNqKHjQ=="
    },
    "three": {
      "version": "0.92.0",
      "resolved": "https://registry.npmjs.org/three/-/three-0.92.0.tgz",
      "integrity": "sha1-jT0fWviQ5i2n9MtF0gwJ+lEFfc0="
    }
  }
}
